
Microsoft Visual Studio Solution File, Format Version 12.00
# Visual Studio Version 17
VisualStudioVersion = 17.5.33530.505
MinimumVisualStudioVersion = 10.0.40219.1
Project("{FAE04EC0-301F-11D3-BF4B-00C04F79EFBC}") = "MinDef", "MinDef\MinDef.csproj", "{F6EA5FB3-0D04-43DA-B303-7408340A74A3}"
EndProject
Project("{FAE04EC0-301F-11D3-BF4B-00C04F79EFBC}") = "DAL", "DAL\DAL.csproj", "{9E31104B-DD72-4EB9-BA04-A24924ACAE1E}"
EndProject
Global
	GlobalSection(SolutionConfigurationPlatforms) = preSolution
		Debug|Any CPU = Debug|Any CPU
		Release|Any CPU = Release|Any CPU
	EndGlobalSection
	GlobalSection(ProjectConfigurationPlatforms) = postSolution
		{F6EA5FB3-0D04-43DA-B303-7408340A74A3}.Debug|Any CPU.ActiveCfg = Debug|Any CPU
		{F6EA5FB3-0D04-43DA-B303-7408340A74A3}.Debug|Any CPU.Build.0 = Debug|Any CPU
		{F6EA5FB3-0D04-43DA-B303-7408340A74A3}.Release|Any CPU.ActiveCfg = Release|Any CPU
		{F6EA5FB3-0D04-43DA-B303-7408340A74A3}.Release|Any CPU.Build.0 = Release|Any CPU
		{9E31104B-DD72-4EB9-BA04-A24924ACAE1E}.Debug|Any CPU.ActiveCfg = Debug|Any CPU
		{9E31104B-DD72-4EB9-BA04-A24924ACAE1E}.Debug|Any CPU.Build.0 = Debug|Any CPU
		{9E31104B-DD72-4EB9-BA04-A24924ACAE1E}.Release|Any CPU.ActiveCfg = Release|Any CPU
		{9E31104B-DD72-4EB9-BA04-A24924ACAE1E}.Release|Any CPU.Build.0 = Release|Any CPU
	EndGlobalSection
	GlobalSection(SolutionProperties) = preSolution
		HideSolutionNode = FALSE
	EndGlobalSection
	GlobalSection(ExtensibilityGlobals) = postSolution
		SolutionGuid = {B46BD443-D554-4E98-ADE4-91B838DD5A31}
	EndGlobalSection
EndGlobal
